
Microsoft Visual Studio Solution File, Format Version 12.00
# Visual Studio 14
VisualStudioVersion = 14.0.23107.0
MinimumVisualStudioVersion = 10.0.40219.1
Project("{FAE04EC0-301F-11D3-BF4B-00C04F79EFBC}") = "RestaurantManager.UniversalWindows", "RestaurantManager.UniversalWindows\RestaurantManager.UniversalWindows.csproj", "{66176800-ADB4-47CA-B441-8C6E44E41A48}"
EndProject
Project("{FAE04EC0-301F-11D3-BF4B-00C04F79EFBC}") = "RestaurantManager.Models", "RestaurantManager.Models\RestaurantManager.Models.csproj", "{B35BB64E-6BB5-43F5-BED4-6F2A5DD5F618}"
EndProject
Global
	GlobalSection(SolutionConfigurationPlatforms) = preSolution
		Debug|Any CPU = Debug|Any CPU
		Debug|ARM = Debug|ARM
		Debug|x64 = Debug|x64
		Debug|x86 = Debug|x86
		Release|Any CPU = Release|Any CPU
		Release|ARM = Release|ARM
		Release|x64 = Release|x64
		Release|x86 = Release|x86
	EndGlobalSection
	GlobalSection(ProjectConfigurationPlatforms) = postSolution
		{66176800-ADB4-47CA-B441-8C6E44E41A48}.Debug|Any CPU.ActiveCfg = Debug|x86
		{66176800-ADB4-47CA-B441-8C6E44E41A48}.Debug|ARM.ActiveCfg = Debug|ARM
		{66176800-ADB4-47CA-B441-8C6E44E41A48}.Debug|ARM.Build.0 = Debug|ARM
		{66176800-ADB4-47CA-B441-8C6E44E41A48}.Debug|ARM.Deploy.0 = Debug|ARM
		{66176800-ADB4-47CA-B441-8C6E44E41A48}.Debug|x64.ActiveCfg = Debug|x64
		{66176800-ADB4-47CA-B441-8C6E44E41A48}.Debug|x64.Build.0 = Debug|x64
		{66176800-ADB4-47CA-B441-8C6E44E41A48}.Debug|x64.Deploy.0 = Debug|x64
		{66176800-ADB4-47CA-B441-8C6E44E41A48}.Debug|x86.ActiveCfg = Debug|x86
		{66176800-ADB4-47CA-B441-8C6E44E41A48}.Debug|x86.Build.0 = Debug|x86
		{66176800-ADB4-47CA-B441-8C6E44E41A48}.Debug|x86.Deploy.0 = Debug|x86
		{66176800-ADB4-47CA-B441-8C6E44E41A48}.Release|Any CPU.ActiveCfg = Release|x86
		{66176800-ADB4-47CA-B441-8C6E44E41A48}.Release|ARM.ActiveCfg = Release|ARM
		{66176800-ADB4-47CA-B441-8C6E44E41A48}.Release|ARM.Build.0 = Release|ARM
		{66176800-ADB4-47CA-B441-8C6E44E41A48}.Release|ARM.Deploy.0 = Release|ARM
		{66176800-ADB4-47CA-B441-8C6E44E41A48}.Release|x64.ActiveCfg = Release|x64
		{66176800-ADB4-47CA-B441-8C6E44E41A48}.Release|x64.Build.0 = Release|x64
		{66176800-ADB4-47CA-B441-8C6E44E41A48}.Release|x64.Deploy.0 = Release|x64
		{66176800-ADB4-47CA-B441-8C6E44E41A48}.Release|x86.ActiveCfg = Release|x86
		{66176800-ADB4-47CA-B441-8C6E44E41A48}.Release|x86.Build.0 = Release|x86
		{66176800-ADB4-47CA-B441-8C6E44E41A48}.Release|x86.Deploy.0 = Release|x86
		{B35BB64E-6BB5-43F5-BED4-6F2A5DD5F618}.Debug|Any CPU.ActiveCfg = Debug|Any CPU
		{B35BB64E-6BB5-43F5-BED4-6F2A5DD5F618}.Debug|Any CPU.Build.0 = Debug|Any CPU
		{B35BB64E-6BB5-43F5-BED4-6F2A5DD5F618}.Debug|ARM.ActiveCfg = Debug|ARM
		{B35BB64E-6BB5-43F5-BED4-6F2A5DD5F618}.Debug|ARM.Build.0 = Debug|ARM
		{B35BB64E-6BB5-43F5-BED4-6F2A5DD5F618}.Debug|x64.ActiveCfg = Debug|x64
		{B35BB64E-6BB5-43F5-BED4-6F2A5DD5F618}.Debug|x64.Build.0 = Debug|x64
		{B35BB64E-6BB5-43F5-BED4-6F2A5DD5F618}.Debug|x86.ActiveCfg = Debug|x86
		{B35BB64E-6BB5-43F5-BED4-6F2A5DD5F618}.Debug|x86.Build.0 = Debug|x86
		{B35BB64E-6BB5-43F5-BED4-6F2A5DD5F618}.Release|Any CPU.ActiveCfg = Release|Any CPU
		{B35BB64E-6BB5-43F5-BED4-6F2A5DD5F618}.Release|Any CPU.Build.0 = Release|Any CPU
		{B35BB64E-6BB5-43F5-BED4-6F2A5DD5F618}.Release|ARM.ActiveCfg = Release|ARM
		{B35BB64E-6BB5-43F5-BED4-6F2A5DD5F618}.Release|ARM.Build.0 = Release|ARM
		{B35BB64E-6BB5-43F5-BED4-6F2A5DD5F618}.Release|x64.ActiveCfg = Release|x64
		{B35BB64E-6BB5-43F5-BED4-6F2A5DD5F618}.Release|x64.Build.0 = Release|x64
		{B35BB64E-6BB5-43F5-BED4-6F2A5DD5F618}.Release|x86.ActiveCfg = Release|x86
		{B35BB64E-6BB5-43F5-BED4-6F2A5DD5F618}.Release|x86.Build.0 = Release|x86
	EndGlobalSection
	GlobalSection(SolutionProperties) = preSolution
		HideSolutionNode = FALSE
	EndGlobalSection
EndGlobal
